{
  "name": "war3_converter",
  "version": "1.0.0",
  "lockfileVersion": 3,
  "requires": true,
  "packages": {
    "": {
      "name": "war3_converter",
      "version": "1.0.0",
      "license": "ISC",
      "dependencies": {
        "typescript": "^5.3.2",
        "typescript-require": "^0.3.0",
        "wc3maptranslator": "^4.0.4"
      }
    },
    "node_modules/@types/node": {
      "version": "14.18.63",
      "resolved": "https://registry.npmjs.org/@types/node/-/node-14.18.63.tgz",
      "integrity": "sha512-fAtCfv4jJg+ExtXhvCkCqUKZ+4ok/JQk01qDKhL5BDDoS3AxKXhV5/MAVUZyQnSEd2GT92fkgZl0pz0Q0AzcIQ=="
    },
    "node_modules/ieee754": {
      "version": "1.2.1",
      "resolved": "https://registry.npmjs.org/ieee754/-/ieee754-1.2.1.tgz",
      "integrity": "sha512-dcyqhDvX1C46lXZcVqCpK+FtMRQVdIMN6/Df5js2zouUsqG7I6sFxitIC+7KYK29KdXOLHdu9zL4sFnoVQnqaA==",
      "funding": [
        {
          "type": "github",
          "url": "https://github.com/sponsors/feross"
        },
        {
          "type": "patreon",
          "url": "https://www.patreon.com/feross"
        },
        {
          "type": "consulting",
          "url": "https://feross.org/support"
        }
      ]
    },
    "node_modules/intn": {
      "version": "1.0.0",
      "resolved": "https://registry.npmjs.org/intn/-/intn-1.0.0.tgz",
      "integrity": "sha512-WgMxnQbXgOPWOiziVOhfw6TWy0EgplCszIzhZoRwGhegkZNTaG9LOJOGZ4+nkrEr+94Rsi+xRB7jFSFv6MBlBg==",
      "engines": {
        "node": ">=0.6"
      }
    },
    "node_modules/round-to": {
      "version": "5.0.0",
      "resolved": "https://registry.npmjs.org/round-to/-/round-to-5.0.0.tgz",
      "integrity": "sha512-i4+Ntwmo5kY7UWWFSDEVN3RjT2PX1FqkZ9iCcAO3sKML3Ady9NgsjM/HLdYKUAnrxK4IlSvXzpBMDvMHZQALRQ==",
      "engines": {
        "node": ">=10"
      },
      "funding": {
        "url": "https://github.com/sponsors/sindresorhus"
      }
    },
    "node_modules/typescript": {
      "version": "5.3.2",
      "resolved": "https://registry.npmjs.org/typescript/-/typescript-5.3.2.tgz",
      "integrity": "sha512-6l+RyNy7oAHDfxC4FzSJcz9vnjTKxrLpDG5M2Vu4SHRVNg6xzqZp6LYSR9zjqQTu8DU/f5xwxUdADOkbrIX2gQ==",
      "bin": {
        "tsc": "bin/tsc",
        "tsserver": "bin/tsserver"
      },
      "engines": {
        "node": ">=14.17"
      }
    },
    "node_modules/typescript-require": {
      "version": "0.3.0",
      "resolved": "https://registry.npmjs.org/typescript-require/-/typescript-require-0.3.0.tgz",
      "integrity": "sha512-mWHox/6LkZFeQyC0eXQFGbc8XZCZqSulyi5KUNfbJJIpFJnYBnJO9RELlGt9rFlCtfauxou+JcOMqeisBws92A==",
      "dependencies": {
        "@types/node": "^14.0.23",
        "typescript": "^3.9.6"
      },
      "engines": {
        "node": "*"
      }
    },
    "node_modules/typescript-require/node_modules/typescript": {
      "version": "3.9.10",
      "resolved": "https://registry.npmjs.org/typescript/-/typescript-3.9.10.tgz",
      "integrity": "sha512-w6fIxVE/H1PkLKcCPsFqKE7Kv7QUwhU8qQY2MueZXWx5cPZdwFupLgKK3vntcK98BtNHZtAF4LA/yl2a7k8R6Q==",
      "bin": {
        "tsc": "bin/tsc",
        "tsserver": "bin/tsserver"
      },
      "engines": {
        "node": ">=4.2.0"
      }
    },
    "node_modules/wc3maptranslator": {
      "version": "4.0.4",
      "resolved": "https://registry.npmjs.org/wc3maptranslator/-/wc3maptranslator-4.0.4.tgz",
      "integrity": "sha512-zpdtOzVkeV6VpmHupJSMRMWol9Gg1GpPLnc+BgXRQYp0DT0eYmDfSm3An7IJzF/+s+V5ApdRl9mCpIALy2kHew==",
      "dependencies": {
        "ieee754": "^1.2.1",
        "intn": "^1.0.0",
        "round-to": "^5.0.0"
      },
      "engines": {
        "node": ">=14",
        "npm": ">=7",
        "tsc": ">3"
      }
    }
  }
}
